
Microsoft Visual Studio Solution File, Format Version 12.00
# Visual Studio Version 17
VisualStudioVersion = 17.5.33516.290
MinimumVisualStudioVersion = 10.0.40219.1
Project("{9A19103F-16F7-4668-BE54-9A1E7A4F7556}") = "Retro_game_Of_something", "Retro_game_Of_something\Retro_game_Of_something.csproj", "{6FCEEADF-98BB-41B3-A2BB-6E7518D3FB7D}"
EndProject
Project("{9A19103F-16F7-4668-BE54-9A1E7A4F7556}") = "Take_1", "Take_1\Take_1.csproj", "{C3A25422-10ED-4F98-A96B-9AA0617B871A}"
EndProject
Project("{9A19103F-16F7-4668-BE54-9A1E7A4F7556}") = "Take_Bad_Ice-cream", "Take_Bad_Ice-cream\Take_Bad_Ice-cream.csproj", "{6736EA44-97F1-4E94-93F4-3040EEA28A71}"
EndProject
Project("{9A19103F-16F7-4668-BE54-9A1E7A4F7556}") = "Emotion", "..\Emotion\Emotion\Emotion.csproj", "{65F9C19A-0B4B-49AA-8065-F9798509BA8D}"
EndProject
Global
	GlobalSection(SolutionConfigurationPlatforms) = preSolution
		Autobuild|Any CPU = Autobuild|Any CPU
		Debug|Any CPU = Debug|Any CPU
		DebugUnix64|Any CPU = DebugUnix64|Any CPU
		DebugWeb|Any CPU = DebugWeb|Any CPU
		Release|Any CPU = Release|Any CPU
	EndGlobalSection
	GlobalSection(ProjectConfigurationPlatforms) = postSolution
		{6FCEEADF-98BB-41B3-A2BB-6E7518D3FB7D}.Autobuild|Any CPU.ActiveCfg = Debug|Any CPU
		{6FCEEADF-98BB-41B3-A2BB-6E7518D3FB7D}.Autobuild|Any CPU.Build.0 = Debug|Any CPU
		{6FCEEADF-98BB-41B3-A2BB-6E7518D3FB7D}.Debug|Any CPU.ActiveCfg = Debug|Any CPU
		{6FCEEADF-98BB-41B3-A2BB-6E7518D3FB7D}.Debug|Any CPU.Build.0 = Debug|Any CPU
		{6FCEEADF-98BB-41B3-A2BB-6E7518D3FB7D}.DebugUnix64|Any CPU.ActiveCfg = Debug|Any CPU
		{6FCEEADF-98BB-41B3-A2BB-6E7518D3FB7D}.DebugUnix64|Any CPU.Build.0 = Debug|Any CPU
		{6FCEEADF-98BB-41B3-A2BB-6E7518D3FB7D}.DebugWeb|Any CPU.ActiveCfg = Debug|Any CPU
		{6FCEEADF-98BB-41B3-A2BB-6E7518D3FB7D}.DebugWeb|Any CPU.Build.0 = Debug|Any CPU
		{6FCEEADF-98BB-41B3-A2BB-6E7518D3FB7D}.Release|Any CPU.ActiveCfg = Release|Any CPU
		{6FCEEADF-98BB-41B3-A2BB-6E7518D3FB7D}.Release|Any CPU.Build.0 = Release|Any CPU
		{C3A25422-10ED-4F98-A96B-9AA0617B871A}.Autobuild|Any CPU.ActiveCfg = Debug|Any CPU
		{C3A25422-10ED-4F98-A96B-9AA0617B871A}.Autobuild|Any CPU.Build.0 = Debug|Any CPU
		{C3A25422-10ED-4F98-A96B-9AA0617B871A}.Debug|Any CPU.ActiveCfg = Debug|Any CPU
		{C3A25422-10ED-4F98-A96B-9AA0617B871A}.Debug|Any CPU.Build.0 = Debug|Any CPU
		{C3A25422-10ED-4F98-A96B-9AA0617B871A}.DebugUnix64|Any CPU.ActiveCfg = Debug|Any CPU
		{C3A25422-10ED-4F98-A96B-9AA0617B871A}.DebugUnix64|Any CPU.Build.0 = Debug|Any CPU
		{C3A25422-10ED-4F98-A96B-9AA0617B871A}.DebugWeb|Any CPU.ActiveCfg = Debug|Any CPU
		{C3A25422-10ED-4F98-A96B-9AA0617B871A}.DebugWeb|Any CPU.Build.0 = Debug|Any CPU
		{C3A25422-10ED-4F98-A96B-9AA0617B871A}.Release|Any CPU.ActiveCfg = Release|Any CPU
		{C3A25422-10ED-4F98-A96B-9AA0617B871A}.Release|Any CPU.Build.0 = Release|Any CPU
		{6736EA44-97F1-4E94-93F4-3040EEA28A71}.Autobuild|Any CPU.ActiveCfg = Debug|Any CPU
		{6736EA44-97F1-4E94-93F4-3040EEA28A71}.Autobuild|Any CPU.Build.0 = Debug|Any CPU
		{6736EA44-97F1-4E94-93F4-3040EEA28A71}.Debug|Any CPU.ActiveCfg = Debug|Any CPU
		{6736EA44-97F1-4E94-93F4-3040EEA28A71}.Debug|Any CPU.Build.0 = Debug|Any CPU
		{6736EA44-97F1-4E94-93F4-3040EEA28A71}.DebugUnix64|Any CPU.ActiveCfg = Debug|Any CPU
		{6736EA44-97F1-4E94-93F4-3040EEA28A71}.DebugUnix64|Any CPU.Build.0 = Debug|Any CPU
		{6736EA44-97F1-4E94-93F4-3040EEA28A71}.DebugWeb|Any CPU.ActiveCfg = Debug|Any CPU
		{6736EA44-97F1-4E94-93F4-3040EEA28A71}.DebugWeb|Any CPU.Build.0 = Debug|Any CPU
		{6736EA44-97F1-4E94-93F4-3040EEA28A71}.Release|Any CPU.ActiveCfg = Release|Any CPU
		{6736EA44-97F1-4E94-93F4-3040EEA28A71}.Release|Any CPU.Build.0 = Release|Any CPU
		{65F9C19A-0B4B-49AA-8065-F9798509BA8D}.Autobuild|Any CPU.ActiveCfg = Autobuild|Any CPU
		{65F9C19A-0B4B-49AA-8065-F9798509BA8D}.Autobuild|Any CPU.Build.0 = Autobuild|Any CPU
		{65F9C19A-0B4B-49AA-8065-F9798509BA8D}.Debug|Any CPU.ActiveCfg = Debug|Any CPU
		{65F9C19A-0B4B-49AA-8065-F9798509BA8D}.Debug|Any CPU.Build.0 = Debug|Any CPU
		{65F9C19A-0B4B-49AA-8065-F9798509BA8D}.DebugUnix64|Any CPU.ActiveCfg = DebugUnix64|Any CPU
		{65F9C19A-0B4B-49AA-8065-F9798509BA8D}.DebugUnix64|Any CPU.Build.0 = DebugUnix64|Any CPU
		{65F9C19A-0B4B-49AA-8065-F9798509BA8D}.DebugWeb|Any CPU.ActiveCfg = DebugWeb|Any CPU
		{65F9C19A-0B4B-49AA-8065-F9798509BA8D}.DebugWeb|Any CPU.Build.0 = DebugWeb|Any CPU
		{65F9C19A-0B4B-49AA-8065-F9798509BA8D}.Release|Any CPU.ActiveCfg = Release|Any CPU
		{65F9C19A-0B4B-49AA-8065-F9798509BA8D}.Release|Any CPU.Build.0 = Release|Any CPU
	EndGlobalSection
	GlobalSection(SolutionProperties) = preSolution
		HideSolutionNode = FALSE
	EndGlobalSection
	GlobalSection(ExtensibilityGlobals) = postSolution
		SolutionGuid = {72A329EF-6C2F-480F-BB5A-E04E2E697495}
	EndGlobalSection
EndGlobal
